
Microsoft Visual Studio Solution File, Format Version 12.00
# Visual Studio 15
VisualStudioVersion = 15.0.27428.2043
MinimumVisualStudioVersion = 10.0.40219.1
Project("{FAE04EC0-301F-11D3-BF4B-00C04F79EFBC}") = "IJ9,10", "IJ9,10\IJ9,10.csproj", "{476101E9-DBC3-4112-BDE2-3AC7759E9890}"
EndProject
Global
	GlobalSection(SolutionConfigurationPlatforms) = preSolution
		Debug|Any CPU = Debug|Any CPU
		Release|Any CPU = Release|Any CPU
	EndGlobalSection
	GlobalSection(ProjectConfigurationPlatforms) = postSolution
		{476101E9-DBC3-4112-BDE2-3AC7759E9890}.Debug|Any CPU.ActiveCfg = Debug|Any CPU
		{476101E9-DBC3-4112-BDE2-3AC7759E9890}.Debug|Any CPU.Build.0 = Debug|Any CPU
		{476101E9-DBC3-4112-BDE2-3AC7759E9890}.Release|Any CPU.ActiveCfg = Release|Any CPU
		{476101E9-DBC3-4112-BDE2-3AC7759E9890}.Release|Any CPU.Build.0 = Release|Any CPU
	EndGlobalSection
	GlobalSection(SolutionProperties) = preSolution
		HideSolutionNode = FALSE
	EndGlobalSection
	GlobalSection(ExtensibilityGlobals) = postSolution
		SolutionGuid = {E30E573E-3204-4224-9A33-C7B904341819}
	EndGlobalSection
EndGlobal
